
Microsoft Visual Studio Solution File, Format Version 12.00
# Visual Studio 15
VisualStudioVersion = 15.0.28307.757
MinimumVisualStudioVersion = 10.0.40219.1
Project("{FAE04EC0-301F-11D3-BF4B-00C04F79EFBC}") = "Discografia", "Discografia\Discografia.csproj", "{8F7BC90F-ADA4-4D0A-9505-C42708FFD70C}"
EndProject
Project("{FAE04EC0-301F-11D3-BF4B-00C04F79EFBC}") = "MVCDiscografia", "MVCDiscografia\MVCDiscografia.csproj", "{3AEDFFC8-1A12-4281-972D-26B3F5F93DAA}"
EndProject
Global
	GlobalSection(SolutionConfigurationPlatforms) = preSolution
		Debug|Any CPU = Debug|Any CPU
		Release|Any CPU = Release|Any CPU
	EndGlobalSection
	GlobalSection(ProjectConfigurationPlatforms) = postSolution
		{8F7BC90F-ADA4-4D0A-9505-C42708FFD70C}.Debug|Any CPU.ActiveCfg = Debug|Any CPU
		{8F7BC90F-ADA4-4D0A-9505-C42708FFD70C}.Debug|Any CPU.Build.0 = Debug|Any CPU
		{8F7BC90F-ADA4-4D0A-9505-C42708FFD70C}.Release|Any CPU.ActiveCfg = Release|Any CPU
		{8F7BC90F-ADA4-4D0A-9505-C42708FFD70C}.Release|Any CPU.Build.0 = Release|Any CPU
		{3AEDFFC8-1A12-4281-972D-26B3F5F93DAA}.Debug|Any CPU.ActiveCfg = Debug|Any CPU
		{3AEDFFC8-1A12-4281-972D-26B3F5F93DAA}.Debug|Any CPU.Build.0 = Debug|Any CPU
		{3AEDFFC8-1A12-4281-972D-26B3F5F93DAA}.Release|Any CPU.ActiveCfg = Release|Any CPU
		{3AEDFFC8-1A12-4281-972D-26B3F5F93DAA}.Release|Any CPU.Build.0 = Release|Any CPU
	EndGlobalSection
	GlobalSection(SolutionProperties) = preSolution
		HideSolutionNode = FALSE
	EndGlobalSection
	GlobalSection(ExtensibilityGlobals) = postSolution
		SolutionGuid = {F053FCDF-AA7E-4922-9122-7D64B7C886DD}
	EndGlobalSection
EndGlobal
